// !$*UTF8*$!
{
	archiveVersion = 1;
	classes = {
	};
	objectVersion = 46;
	objects = {

/* Begin PBXBuildFile section */
		B35603F41EBC6E0D00988CF9 /* main.m in Sources */ = {isa = PBXBuildFile; fileRef = B35603F31EBC6E0D00988CF9 /* main.m */; };
		B35603F71EBC6E0D00988CF9 /* AppDelegate.m in Sources */ = {isa = PBXBuildFile; fileRef = B35603F61EBC6E0D00988CF9 /* AppDelegate.m */; };
		B35603FA1EBC6E0D00988CF9 /* ViewController.m in Sources */ = {isa = PBXBuildFile; fileRef = B35603F91EBC6E0D00988CF9 /* ViewController.m */; };
		B35603FD1EBC6E0D00988CF9 /* Main.storyboard in Resources */ = {isa = PBXBuildFile; fileRef = B35603FB1EBC6E0D00988CF9 /* Main.storyboard */; };
		B35603FF1EBC6E0D00988CF9 /* Assets.xcassets in Resources */ = {isa = PBXBuildFile; fileRef = B35603FE1EBC6E0D00988CF9 /* Assets.xcassets */; };
		B35604021EBC6E0D00988CF9 /* LaunchScreen.storyboard in Resources */ = {isa = PBXBuildFile; fileRef = B35604001EBC6E0D00988CF9 /* LaunchScreen.storyboard */; };
		B35604121EBC6F5D00988CF9 /* CustomDayDatePicker.m in Sources */ = {isa = PBXBuildFile; fileRef = B356040B1EBC6F5D00988CF9 /* CustomDayDatePicker.m */; };
		B35604131EBC6F5D00988CF9 /* CustomMonthDatePicker.m in Sources */ = {isa = PBXBuildFile; fileRef = B356040D1EBC6F5D00988CF9 /* CustomMonthDatePicker.m */; };
		B35604141EBC6F5D00988CF9 /* CustomYearDatePicker.m in Sources */ = {isa = PBXBuildFile; fileRef = B356040F1EBC6F5D00988CF9 /* CustomYearDatePicker.m */; };
		B35604151EBC6F5D00988CF9 /* JXAlertview.m in Sources */ = {isa = PBXBuildFile; fileRef = B35604111EBC6F5D00988CF9 /* JXAlertview.m */; };
/* End PBXBuildFile section */

/* Begin PBXFileReference section */
		B35603EF1EBC6E0D00988CF9 /* CustomDatePickerDemo.app */ = {isa = PBXFileReference; explicitFileType = wrapper.application; includeInIndex = 0; path = CustomDatePickerDemo.app; sourceTree = BUILT_PRODUCTS_DIR; };
		B35603F31EBC6E0D00988CF9 /* main.m */ = {isa = PBXFileReference; lastKnownFileType = sourcecode.c.objc; path = main.m; sourceTree = "<group>"; };
		B35603F51EBC6E0D00988CF9 /* AppDelegate.h */ = {isa = PBXFileReference; lastKnownFileType = sourcecode.c.h; path = AppDelegate.h; sourceTree = "<group>"; };
		B35603F61EBC6E0D00988CF9 /* AppDelegate.m */ = {isa = PBXFileReference; lastKnownFileType = sourcecode.c.objc; path = AppDelegate.m; sourceTree = "<group>"; };
		B35603F81EBC6E0D00988CF9 /* ViewController.h */ = {isa = PBXFileReference; lastKnownFileType = sourcecode.c.h; path = ViewController.h; sourceTree = "<group>"; };
		B35603F91EBC6E0D00988CF9 /* ViewController.m */ = {isa = PBXFileReference; lastKnownFileType = sourcecode.c.objc; path = ViewController.m; sourceTree = "<group>"; };
		B35603FC1EBC6E0D00988CF9 /* Base */ = {isa = PBXFileReference; lastKnownFileType = file.storyboard; name = Base; path = Base.lproj/Main.storyboard; sourceTree = "<group>"; };
		B35603FE1EBC6E0D00988CF9 /* Assets.xcassets */ = {isa = PBXFileReference; lastKnownFileType = folder.assetcatalog; path = Assets.xcassets; sourceTree = "<group>"; };
		B35604011EBC6E0D00988CF9 /* Base */ = {isa = PBXFileReference; lastKnownFileType = file.storyboard; name = Base; path = Base.lproj/LaunchScreen.storyboard; sourceTree = "<group>"; };
		B35604031EBC6E0D00988CF9 /* Info.plist */ = {isa = PBXFileReference; lastKnownFileType = text.plist.xml; path = Info.plist; sourceTree = "<group>"; };
		B356040A1EBC6F5D00988CF9 /* CustomDayDatePicker.h */ = {isa = PBXFileReference; fileEncoding = 4; lastKnownFileType = sourcecode.c.h; path = CustomDayDatePicker.h; sourceTree = "<group>"; };
		B356040B1EBC6F5D00988CF9 /* CustomDayDatePicker.m */ = {isa = PBXFileReference; fileEncoding = 4; lastKnownFileType = sourcecode.c.objc; path = CustomDayDatePicker.m; sourceTree = "<group>"; };
		B356040C1EBC6F5D00988CF9 /* CustomMonthDatePicker.h */ = {isa = PBXFileReference; fileEncoding = 4; lastKnownFileType = sourcecode.c.h; path = CustomMonthDatePicker.h; sourceTree = "<group>"; };
		B356040D1EBC6F5D00988CF9 /* CustomMonthDatePicker.m */ = {isa = PBXFileReference; fileEncoding = 4; lastKnownFileType = sourcecode.c.objc; path = CustomMonthDatePicker.m; sourceTree = "<group>"; };
		B356040E1EBC6F5D00988CF9 /* CustomYearDatePicker.h */ = {isa = PBXFileReference; fileEncoding = 4; lastKnownFileType = sourcecode.c.h; path = CustomYearDatePicker.h; sourceTree = "<group>"; };
		B356040F1EBC6F5D00988CF9 /* CustomYearDatePicker.m */ = {isa = PBXFileReference; fileEncoding = 4; lastKnownFileType = sourcecode.c.objc; path = CustomYearDatePicker.m; sourceTree = "<group>"; };
		B35604101EBC6F5D00988CF9 /* JXAlertview.h */ = {isa = PBXFileReference; fileEncoding = 4; lastKnownFileType = sourcecode.c.h; path = JXAlertview.h; sourceTree = "<group>"; };
		B35604111EBC6F5D00988CF9 /* JXAlertview.m */ = {isa = PBXFileReference; fileEncoding = 4; lastKnownFileType = sourcecode.c.objc; path = JXAlertview.m; sourceTree = "<group>"; };
/* End PBXFileReference section */

/* Begin PBXFrameworksBuildPhase section */
		B35603EC1EBC6E0D00988CF9 /* Frameworks */ = {
			isa = PBXFrameworksBuildPhase;
			buildActionMask = 2147483647;
			files = (
			);
			runOnlyForDeploymentPostprocessing = 0;
		};
/* End PBXFrameworksBuildPhase section */

/* Begin PBXGroup section */
		B35603E61EBC6E0D00988CF9 = {
			isa = PBXGroup;
			children = (
				B35604091EBC6F5D00988CF9 /* CustomDatePicker */,
				B35603F11EBC6E0D00988CF9 /* CustomDatePickerDemo */,
				B35603F01EBC6E0D00988CF9 /* Products */,
			);
			sourceTree = "<group>";
		};
		B35603F01EBC6E0D00988CF9 /* Products */ = {
			isa = PBXGroup;
			children = (
				B35603EF1EBC6E0D00988CF9 /* CustomDatePickerDemo.app */,
			);
			name = Products;
			sourceTree = "<group>";
		};
		B35603F11EBC6E0D00988CF9 /* CustomDatePickerDemo */ = {
			isa = PBXGroup;
			children = (
				B35603F51EBC6E0D00988CF9 /* AppDelegate.h */,
				B35603F61EBC6E0D00988CF9 /* AppDelegate.m */,
				B35603F81EBC6E0D00988CF9 /* ViewController.h */,
				B35603F91EBC6E0D00988CF9 /* ViewController.m */,
				B35603FB1EBC6E0D00988CF9 /* Main.storyboard */,
				B35603FE1EBC6E0D00988CF9 /* Assets.xcassets */,
				B35604001EBC6E0D00988CF9 /* LaunchScreen.storyboard */,
				B35604031EBC6E0D00988CF9 /* Info.plist */,
				B35603F21EBC6E0D00988CF9 /* Supporting Files */,
			);
			path = CustomDatePickerDemo;
			sourceTree = "<group>";
		};
		B35603F21EBC6E0D00988CF9 /* Supporting Files */ = {
			isa = PBXGroup;
			children = (
				B35603F31EBC6E0D00988CF9 /* main.m */,
			);
			name = "Supporting Files";
			sourceTree = "<group>";
		};
		B35604091EBC6F5D00988CF9 /* CustomDatePicker */ = {
			isa = PBXGroup;
			children = (
				B356040A1EBC6F5D00988CF9 /* CustomDayDatePicker.h */,
				B356040B1EBC6F5D00988CF9 /* CustomDayDatePicker.m */,
				B356040C1EBC6F5D00988CF9 /* CustomMonthDatePicker.h */,
				B356040D1EBC6F5D00988CF9 /* CustomMonthDatePicker.m */,
				B356040E1EBC6F5D00988CF9 /* CustomYearDatePicker.h */,
				B356040F1EBC6F5D00988CF9 /* CustomYearDatePicker.m */,
				B35604101EBC6F5D00988CF9 /* JXAlertview.h */,
				B35604111EBC6F5D00988CF9 /* JXAlertview.m */,
			);
			path = CustomDatePicker;
			sourceTree = "<group>";
		};
/* End PBXGroup section */

/* Begin PBXNativeTarget section */
		B35603EE1EBC6E0D00988CF9 /* CustomDatePickerDemo */ = {
			isa = PBXNativeTarget;
			buildConfigurationList = B35604061EBC6E0D00988CF9 /* Build configuration list for PBXNativeTarget "CustomDatePickerDemo" */;
			buildPhases = (
				B35603EB1EBC6E0D00988CF9 /* Sources */,
				B35603EC1EBC6E0D00988CF9 /* Frameworks */,
				B35603ED1EBC6E0D00988CF9 /* Resources */,
			);
			buildRules = (
			);
			dependencies = (
			);
			name = CustomDatePickerDemo;
			productName = CustomDatePickerDemo;
			productReference = B35603EF1EBC6E0D00988CF9 /* CustomDatePickerDemo.app */;
			productType = "com.apple.product-type.application";
		};
/* End PBXNativeTarget section */

/* Begin PBXProject section */
		B35603E71EBC6E0D00988CF9 /* Project object */ = {
			isa = PBXProject;
			attributes = {
				LastUpgradeCheck = 0820;
				ORGANIZATIONNAME = www.auratech.hk;
				TargetAttributes = {
					B35603EE1EBC6E0D00988CF9 = {
						CreatedOnToolsVersion = 8.2.1;
						DevelopmentTeam = DE8RYCL4FS;
						ProvisioningStyle = Automatic;
					};
				};
			};
			buildConfigurationList = B35603EA1EBC6E0D00988CF9 /* Build configuration list for PBXProject "CustomDatePickerDemo" */;
			compatibilityVersion = "Xcode 3.2";
			developmentRegion = English;
			hasScannedForEncodings = 0;
			knownRegions = (
				en,
				Base,
			);
			mainGroup = B35603E61EBC6E0D00988CF9;
			productRefGroup = B35603F01EBC6E0D00988CF9 /* Products */;
			projectDirPath = "";
			projectRoot = "";
			targets = (
				B35603EE1EBC6E0D00988CF9 /* CustomDatePickerDemo */,
			);
		};
/* End PBXProject section */

/* Begin PBXResourcesBuildPhase section */
		B35603ED1EBC6E0D00988CF9 /* Resources */ = {
			isa = PBXResourcesBuildPhase;
			buildActionMask = 2147483647;
			files = (
				B35604021EBC6E0D00988CF9 /* LaunchScreen.storyboard in Resources */,
				B35603FF1EBC6E0D00988CF9 /* Assets.xcassets in Resources */,
				B35603FD1EBC6E0D00988CF9 /* Main.storyboard in Resources */,
			);
			runOnlyForDeploymentPostprocessing = 0;
		};
/* End PBXResourcesBuildPhase section */

/* Begin PBXSourcesBuildPhase section */
		B35603EB1EBC6E0D00988CF9 /* Sources */ = {
			isa = PBXSourcesBuildPhase;
			buildActionMask = 2147483647;
			files = (
				B35603FA1EBC6E0D00988CF9 /* ViewController.m in Sources */,
				B35604141EBC6F5D00988CF9 /* CustomYearDatePicker.m in Sources */,
				B35604121EBC6F5D00988CF9 /* CustomDayDatePicker.m in Sources */,
				B35604131EBC6F5D00988CF9 /* CustomMonthDatePicker.m in Sources */,
				B35603F71EBC6E0D00988CF9 /* AppDelegate.m in Sources */,
				B35604151EBC6F5D00988CF9 /* JXAlertview.m in Sources */,
				B35603F41EBC6E0D00988CF9 /* main.m in Sources */,
			);
			runOnlyForDeploymentPostprocessing = 0;
		};
/* End PBXSourcesBuildPhase section */

/* Begin PBXVariantGroup section */
		B35603FB1EBC6E0D00988CF9 /* Main.storyboard */ = {
			isa = PBXVariantGroup;
			children = (
				B35603FC1EBC6E0D00988CF9 /* Base */,
			);
			name = Main.storyboard;
			sourceTree = "<group>";
		};
		B35604001EBC6E0D00988CF9 /* LaunchScreen.storyboard */ = {
			isa = PBXVariantGroup;
			children = (
				B35604011EBC6E0D00988CF9 /* Base */,
			);
			name = LaunchScreen.storyboard;
			sourceTree = "<group>";
		};
/* End PBXVariantGroup section */

/* Begin XCBuildConfiguration section */
		B35604041EBC6E0D00988CF9 /* Debug */ = {
			isa = XCBuildConfiguration;
			buildSettings = {
				ALWAYS_SEARCH_USER_PATHS = NO;
				CLANG_ANALYZER_NONNULL = YES;
				CLANG_CXX_LANGUAGE_STANDARD = "gnu++0x";
				CLANG_CXX_LIBRARY = "libc++";
				CLANG_ENABLE_MODULES = YES;
				CLANG_ENABLE_OBJC_ARC = YES;
				CLANG_WARN_BOOL_CONVERSION = YES;
				CLANG_WARN_CONSTANT_CONVERSION = YES;
				CLANG_WARN_DIRECT_OBJC_ISA_USAGE = YES_ERROR;
				CLANG_WARN_DOCUMENTATION_COMMENTS = YES;
				CLANG_WARN_EMPTY_BODY = YES;
				CLANG_WARN_ENUM_CONVERSION = YES;
				CLANG_WARN_INFINITE_RECURSION = YES;
				CLANG_WARN_INT_CONVERSION = YES;
				CLANG_WARN_OBJC_ROOT_CLASS = YES_ERROR;
				CLANG_WARN_SUSPICIOUS_MOVE = YES;
				CLANG_WARN_UNREACHABLE_CODE = YES;
				CLANG_WARN__DUPLICATE_METHOD_MATCH = YES;
				"CODE_SIGN_IDENTITY[sdk=iphoneos*]" = "iPhone Developer";
				COPY_PHASE_STRIP = NO;
				DEBUG_INFORMATION_FORMAT = dwarf;
				ENABLE_STRICT_OBJC_MSGSEND = YES;
				ENABLE_TESTABILITY = YES;
				GCC_C_LANGUAGE_STANDARD = gnu99;
				GCC_DYNAMIC_NO_PIC = NO;
				GCC_NO_COMMON_BLOCKS = YES;
				GCC_OPTIMIZATION_LEVEL = 0;
				GCC_PREPROCESSOR_DEFINITIONS = (
					"DEBUG=1",
					"$(inherited)",
				);
				GCC_WARN_64_TO_32_BIT_CONVERSION = YES;
				GCC_WARN_ABOUT_RETURN_TYPE = YES_ERROR;
				GCC_WARN_UNDECLARED_SELECTOR = YES;
				GCC_WARN_UNINITIALIZED_AUTOS = YES_AGGRESSIVE;
				GCC_WARN_UNUSED_FUNCTION = YES;
				GCC_WARN_UNUSED_VARIABLE = YES;
				IPHONEOS_DEPLOYMENT_TARGET = 10.2;
				MTL_ENABLE_DEBUG_INFO = YES;
				ONLY_ACTIVE_ARCH = YES;
				SDKROOT = iphoneos;
			};
			name = Debug;
		};
		B35604051EBC6E0D00988CF9 /* Release */ = {
			isa = XCBuildConfiguration;
			buildSettings = {
				ALWAYS_SEARCH_USER_PATHS = NO;
				CLANG_ANALYZER_NONNULL = YES;
				CLANG_CXX_LANGUAGE_STANDARD = "gnu++0x";
				CLANG_CXX_LIBRARY = "libc++";
				CLANG_ENABLE_MODULES = YES;
				CLANG_ENABLE_OBJC_ARC = YES;
				CLANG_WARN_BOOL_CONVERSION = YES;
				CLANG_WARN_CONSTANT_CONVERSION = YES;
				CLANG_WARN_DIRECT_OBJC_ISA_USAGE = YES_ERROR;
				CLANG_WARN_DOCUMENTATION_COMMENTS = YES;
				CLANG_WARN_EMPTY_BODY = YES;
				CLANG_WARN_ENUM_CONVERSION = YES;
				CLANG_WARN_INFINITE_RECURSION = YES;
				CLANG_WARN_INT_CONVERSION = YES;
				CLANG_WARN_OBJC_ROOT_CLASS = YES_ERROR;
				CLANG_WARN_SUSPICIOUS_MOVE = YES;
				CLANG_WARN_UNREACHABLE_CODE = YES;
				CLANG_WARN__DUPLICATE_METHOD_MATCH = YES;
				"CODE_SIGN_IDENTITY[sdk=iphoneos*]" = "iPhone Developer";
				COPY_PHASE_STRIP = NO;
				DEBUG_INFORMATION_FORMAT = "dwarf-with-dsym";
				ENABLE_NS_ASSERTIONS = NO;
				ENABLE_STRICT_OBJC_MSGSEND = YES;
				GCC_C_LANGUAGE_STANDARD = gnu99;
				GCC_NO_COMMON_BLOCKS = YES;
				GCC_WARN_64_TO_32_BIT_CONVERSION = YES;
				GCC_WARN_ABOUT_RETURN_TYPE = YES_ERROR;
				GCC_WARN_UNDECLARED_SELECTOR = YES;
				GCC_WARN_UNINITIALIZED_AUTOS = YES_AGGRESSIVE;
				GCC_WARN_UNUSED_FUNCTION = YES;
				GCC_WARN_UNUSED_VARIABLE = YES;
				IPHONEOS_DEPLOYMENT_TARGET = 10.2;
				MTL_ENABLE_DEBUG_INFO = NO;
				SDKROOT = iphoneos;
				VALIDATE_PRODUCT = YES;
			};
			name = Release;
		};
		B35604071EBC6E0D00988CF9 /* Debug */ = {
			isa = XCBuildConfiguration;
			buildSettings = {
				ASSETCATALOG_COMPILER_APPICON_NAME = AppIcon;
				DEVELOPMENT_TEAM = DE8RYCL4FS;
				INFOPLIST_FILE = CustomDatePickerDemo/Info.plist;
				LD_RUNPATH_SEARCH_PATHS = "$(inherited) @executable_path/Frameworks";
				PRODUCT_BUNDLE_IDENTIFIER = hk.auratech.www.CustomDatePickerDemo;
				PRODUCT_NAME = "$(TARGET_NAME)";
			};
			name = Debug;
		};
		B35604081EBC6E0D00988CF9 /* Release */ = {
			isa = XCBuildConfiguration;
			buildSettings = {
				ASSETCATALOG_COMPILER_APPICON_NAME = AppIcon;
				DEVELOPMENT_TEAM = DE8RYCL4FS;
				INFOPLIST_FILE = CustomDatePickerDemo/Info.plist;
				LD_RUNPATH_SEARCH_PATHS = "$(inherited) @executable_path/Frameworks";
				PRODUCT_BUNDLE_IDENTIFIER = hk.auratech.www.CustomDatePickerDemo;
				PRODUCT_NAME = "$(TARGET_NAME)";
			};
			name = Release;
		};
/* End XCBuildConfiguration section */

/* Begin XCConfigurationList section */
		B35603EA1EBC6E0D00988CF9 /* Build configuration list for PBXProject "CustomDatePickerDemo" */ = {
			isa = XCConfigurationList;
			buildConfigurations = (
				B35604041EBC6E0D00988CF9 /* Debug */,
				B35604051EBC6E0D00988CF9 /* Release */,
			);
			defaultConfigurationIsVisible = 0;
			defaultConfigurationName = Release;
		};
		B35604061EBC6E0D00988CF9 /* Build configuration list for PBXNativeTarget "CustomDatePickerDemo" */ = {
			isa = XCConfigurationList;
			buildConfigurations = (
				B35604071EBC6E0D00988CF9 /* Debug */,
				B35604081EBC6E0D00988CF9 /* Release */,
			);
			defaultConfigurationIsVisible = 0;
		};
/* End XCConfigurationList section */
	};
	rootObject = B35603E71EBC6E0D00988CF9 /* Project object */;
}
